// !$*UTF8*$!
{
	archiveVersion = 1;
	classes = {
	};
	objectVersion = 50;
	objects = {

/* Begin PBXBuildFile section */
		E928FC1B21161F2F00DDF1F8 /* AppDelegate.swift in Sources */ = {isa = PBXBuildFile; fileRef = E928FC1A21161F2F00DDF1F8 /* AppDelegate.swift */; };
		E928FC1D21161F2F00DDF1F8 /* ViewController.swift in Sources */ = {isa = PBXBuildFile; fileRef = E928FC1C21161F2F00DDF1F8 /* ViewController.swift */; };
		E928FC2021161F2F00DDF1F8 /* Main.storyboard in Resources */ = {isa = PBXBuildFile; fileRef = E928FC1E21161F2F00DDF1F8 /* Main.storyboard */; };
		E928FC2221161F3300DDF1F8 /* Assets.xcassets in Resources */ = {isa = PBXBuildFile; fileRef = E928FC2121161F3300DDF1F8 /* Assets.xcassets */; };
		E928FC2521161F3300DDF1F8 /* LaunchScreen.storyboard in Resources */ = {isa = PBXBuildFile; fileRef = E928FC2321161F3300DDF1F8 /* LaunchScreen.storyboard */; };
		E928FC2D2116258000DDF1F8 /* CalculatorModel.swift in Sources */ = {isa = PBXBuildFile; fileRef = E928FC2C2116258000DDF1F8 /* CalculatorModel.swift */; };
/* End PBXBuildFile section */

/* Begin PBXFileReference section */
		E928FC1721161F2F00DDF1F8 /* Calculator ++.app */ = {isa = PBXFileReference; explicitFileType = wrapper.application; includeInIndex = 0; path = "Calculator ++.app"; sourceTree = BUILT_PRODUCTS_DIR; };
		E928FC1A21161F2F00DDF1F8 /* AppDelegate.swift */ = {isa = PBXFileReference; lastKnownFileType = sourcecode.swift; path = AppDelegate.swift; sourceTree = "<group>"; };
		E928FC1C21161F2F00DDF1F8 /* ViewController.swift */ = {isa = PBXFileReference; lastKnownFileType = sourcecode.swift; path = ViewController.swift; sourceTree = "<group>"; };
		E928FC1F21161F2F00DDF1F8 /* Base */ = {isa = PBXFileReference; lastKnownFileType = file.storyboard; name = Base; path = Base.lproj/Main.storyboard; sourceTree = "<group>"; };
		E928FC2121161F3300DDF1F8 /* Assets.xcassets */ = {isa = PBXFileReference; lastKnownFileType = folder.assetcatalog; path = Assets.xcassets; sourceTree = "<group>"; };
		E928FC2421161F3300DDF1F8 /* Base */ = {isa = PBXFileReference; lastKnownFileType = file.storyboard; name = Base; path = Base.lproj/LaunchScreen.storyboard; sourceTree = "<group>"; };
		E928FC2621161F3300DDF1F8 /* Info.plist */ = {isa = PBXFileReference; lastKnownFileType = text.plist.xml; path = Info.plist; sourceTree = "<group>"; };
		E928FC2C2116258000DDF1F8 /* CalculatorModel.swift */ = {isa = PBXFileReference; lastKnownFileType = sourcecode.swift; path = CalculatorModel.swift; sourceTree = "<group>"; };
/* End PBXFileReference section */

/* Begin PBXFrameworksBuildPhase section */
		E928FC1421161F2F00DDF1F8 /* Frameworks */ = {
			isa = PBXFrameworksBuildPhase;
			buildActionMask = 2147483647;
			files = (
			);
			runOnlyForDeploymentPostprocessing = 0;
		};
/* End PBXFrameworksBuildPhase section */

/* Begin PBXGroup section */
		E928FC0E21161F2F00DDF1F8 = {
			isa = PBXGroup;
			children = (
				E928FC1921161F2F00DDF1F8 /* Calculator ++ */,
				E928FC1821161F2F00DDF1F8 /* Products */,
			);
			sourceTree = "<group>";
		};
		E928FC1821161F2F00DDF1F8 /* Products */ = {
			isa = PBXGroup;
			children = (
				E928FC1721161F2F00DDF1F8 /* Calculator ++.app */,
			);
			name = Products;
			sourceTree = "<group>";
		};
		E928FC1921161F2F00DDF1F8 /* Calculator ++ */ = {
			isa = PBXGroup;
			children = (
				E928FC1A21161F2F00DDF1F8 /* AppDelegate.swift */,
				E928FC1C21161F2F00DDF1F8 /* ViewController.swift */,
				E928FC2C2116258000DDF1F8 /* CalculatorModel.swift */,
				E928FC1E21161F2F00DDF1F8 /* Main.storyboard */,
				E928FC2121161F3300DDF1F8 /* Assets.xcassets */,
				E928FC2321161F3300DDF1F8 /* LaunchScreen.storyboard */,
				E928FC2621161F3300DDF1F8 /* Info.plist */,
			);
			path = "Calculator ++";
			sourceTree = "<group>";
		};
/* End PBXGroup section */

/* Begin PBXNativeTarget section */
		E928FC1621161F2F00DDF1F8 /* Calculator ++ */ = {
			isa = PBXNativeTarget;
			buildConfigurationList = E928FC2921161F3300DDF1F8 /* Build configuration list for PBXNativeTarget "Calculator ++" */;
			buildPhases = (
				E928FC1321161F2F00DDF1F8 /* Sources */,
				E928FC1421161F2F00DDF1F8 /* Frameworks */,
				E928FC1521161F2F00DDF1F8 /* Resources */,
			);
			buildRules = (
			);
			dependencies = (
			);
			name = "Calculator ++";
			productName = "Calculator ++";
			productReference = E928FC1721161F2F00DDF1F8 /* Calculator ++.app */;
			productType = "com.apple.product-type.application";
		};
/* End PBXNativeTarget section */

/* Begin PBXProject section */
		E928FC0F21161F2F00DDF1F8 /* Project object */ = {
			isa = PBXProject;
			attributes = {
				LastSwiftUpdateCheck = 0940;
				LastUpgradeCheck = 0940;
				ORGANIZATIONNAME = "Ruben Krueger";
				TargetAttributes = {
					E928FC1621161F2F00DDF1F8 = {
						CreatedOnToolsVersion = 9.4.1;
					};
				};
			};
			buildConfigurationList = E928FC1221161F2F00DDF1F8 /* Build configuration list for PBXProject "Calculator ++" */;
			compatibilityVersion = "Xcode 9.3";
			developmentRegion = en;
			hasScannedForEncodings = 0;
			knownRegions = (
				en,
				Base,
			);
			mainGroup = E928FC0E21161F2F00DDF1F8;
			productRefGroup = E928FC1821161F2F00DDF1F8 /* Products */;
			projectDirPath = "";
			projectRoot = "";
			targets = (
				E928FC1621161F2F00DDF1F8 /* Calculator ++ */,
			);
		};
/* End PBXProject section */

/* Begin PBXResourcesBuildPhase section */
		E928FC1521161F2F00DDF1F8 /* Resources */ = {
			isa = PBXResourcesBuildPhase;
			buildActionMask = 2147483647;
			files = (
				E928FC2521161F3300DDF1F8 /* LaunchScreen.storyboard in Resources */,
				E928FC2221161F3300DDF1F8 /* Assets.xcassets in Resources */,
				E928FC2021161F2F00DDF1F8 /* Main.storyboard in Resources */,
			);
			runOnlyForDeploymentPostprocessing = 0;
		};
/* End PBXResourcesBuildPhase section */

/* Begin PBXSourcesBuildPhase section */
		E928FC1321161F2F00DDF1F8 /* Sources */ = {
			isa = PBXSourcesBuildPhase;
			buildActionMask = 2147483647;
			files = (
				E928FC2D2116258000DDF1F8 /* CalculatorModel.swift in Sources */,
				E928FC1D21161F2F00DDF1F8 /* ViewController.swift in Sources */,
				E928FC1B21161F2F00DDF1F8 /* AppDelegate.swift in Sources */,
			);
			runOnlyForDeploymentPostprocessing = 0;
		};
/* End PBXSourcesBuildPhase section */

/* Begin PBXVariantGroup section */
		E928FC1E21161F2F00DDF1F8 /* Main.storyboard */ = {
			isa = PBXVariantGroup;
			children = (
				E928FC1F21161F2F00DDF1F8 /* Base */,
			);
			name = Main.storyboard;
			sourceTree = "<group>";
		};
		E928FC2321161F3300DDF1F8 /* LaunchScreen.storyboard */ = {
			isa = PBXVariantGroup;
			children = (
				E928FC2421161F3300DDF1F8 /* Base */,
			);
			name = LaunchScreen.storyboard;
			sourceTree = "<group>";
		};
/* End PBXVariantGroup section */

/* Begin XCBuildConfiguration section */
		E928FC2721161F3300DDF1F8 /* Debug */ = {
			isa = XCBuildConfiguration;
			buildSettings = {
				ALWAYS_SEARCH_USER_PATHS = NO;
				CLANG_ANALYZER_NONNULL = YES;
				CLANG_ANALYZER_NUMBER_OBJECT_CONVERSION = YES_AGGRESSIVE;
				CLANG_CXX_LANGUAGE_STANDARD = "gnu++14";
				CLANG_CXX_LIBRARY = "libc++";
				CLANG_ENABLE_MODULES = YES;
				CLANG_ENABLE_OBJC_ARC = YES;
				CLANG_ENABLE_OBJC_WEAK = YES;
				CLANG_WARN_BLOCK_CAPTURE_AUTORELEASING = YES;
				CLANG_WARN_BOOL_CONVERSION = YES;
				CLANG_WARN_COMMA = YES;
				CLANG_WARN_CONSTANT_CONVERSION = YES;
				CLANG_WARN_DEPRECATED_OBJC_IMPLEMENTATIONS = YES;
				CLANG_WARN_DIRECT_OBJC_ISA_USAGE = YES_ERROR;
				CLANG_WARN_DOCUMENTATION_COMMENTS = YES;
				CLANG_WARN_EMPTY_BODY = YES;
				CLANG_WARN_ENUM_CONVERSION = YES;
				CLANG_WARN_INFINITE_RECURSION = YES;
				CLANG_WARN_INT_CONVERSION = YES;
				CLANG_WARN_NON_LITERAL_NULL_CONVERSION = YES;
				CLANG_WARN_OBJC_IMPLICIT_RETAIN_SELF = YES;
				CLANG_WARN_OBJC_LITERAL_CONVERSION = YES;
				CLANG_WARN_OBJC_ROOT_CLASS = YES_ERROR;
				CLANG_WARN_RANGE_LOOP_ANALYSIS = YES;
				CLANG_WARN_STRICT_PROTOTYPES = YES;
				CLANG_WARN_SUSPICIOUS_MOVE = YES;
				CLANG_WARN_UNGUARDED_AVAILABILITY = YES_AGGRESSIVE;
				CLANG_WARN_UNREACHABLE_CODE = YES;
				CLANG_WARN__DUPLICATE_METHOD_MATCH = YES;
				CODE_SIGN_IDENTITY = "iPhone Developer";
				COPY_PHASE_STRIP = NO;
				DEBUG_INFORMATION_FORMAT = dwarf;
				ENABLE_STRICT_OBJC_MSGSEND = YES;
				ENABLE_TESTABILITY = YES;
				GCC_C_LANGUAGE_STANDARD = gnu11;
				GCC_DYNAMIC_NO_PIC = NO;
				GCC_NO_COMMON_BLOCKS = YES;
				GCC_OPTIMIZATION_LEVEL = 0;
				GCC_PREPROCESSOR_DEFINITIONS = (
					"DEBUG=1",
					"$(inherited)",
				);
				GCC_WARN_64_TO_32_BIT_CONVERSION = YES;
				GCC_WARN_ABOUT_RETURN_TYPE = YES_ERROR;
				GCC_WARN_UNDECLARED_SELECTOR = YES;
				GCC_WARN_UNINITIALIZED_AUTOS = YES_AGGRESSIVE;
				GCC_WARN_UNUSED_FUNCTION = YES;
				GCC_WARN_UNUSED_VARIABLE = YES;
				IPHONEOS_DEPLOYMENT_TARGET = 11.4;
				MTL_ENABLE_DEBUG_INFO = YES;
				ONLY_ACTIVE_ARCH = YES;
				SDKROOT = iphoneos;
				SWIFT_ACTIVE_COMPILATION_CONDITIONS = DEBUG;
				SWIFT_OPTIMIZATION_LEVEL = "-Onone";
			};
			name = Debug;
		};
		E928FC2821161F3300DDF1F8 /* Release */ = {
			isa = XCBuildConfiguration;
			buildSettings = {
				ALWAYS_SEARCH_USER_PATHS = NO;
				CLANG_ANALYZER_NONNULL = YES;
				CLANG_ANALYZER_NUMBER_OBJECT_CONVERSION = YES_AGGRESSIVE;
				CLANG_CXX_LANGUAGE_STANDARD = "gnu++14";
				CLANG_CXX_LIBRARY = "libc++";
				CLANG_ENABLE_MODULES = YES;
				CLANG_ENABLE_OBJC_ARC = YES;
				CLANG_ENABLE_OBJC_WEAK = YES;
				CLANG_WARN_BLOCK_CAPTURE_AUTORELEASING = YES;
				CLANG_WARN_BOOL_CONVERSION = YES;
				CLANG_WARN_COMMA = YES;
				CLANG_WARN_CONSTANT_CONVERSION = YES;
				CLANG_WARN_DEPRECATED_OBJC_IMPLEMENTATIONS = YES;
				CLANG_WARN_DIRECT_OBJC_ISA_USAGE = YES_ERROR;
				CLANG_WARN_DOCUMENTATION_COMMENTS = YES;
				CLANG_WARN_EMPTY_BODY = YES;
				CLANG_WARN_ENUM_CONVERSION = YES;
				CLANG_WARN_INFINITE_RECURSION = YES;
				CLANG_WARN_INT_CONVERSION = YES;
				CLANG_WARN_NON_LITERAL_NULL_CONVERSION = YES;
				CLANG_WARN_OBJC_IMPLICIT_RETAIN_SELF = YES;
				CLANG_WARN_OBJC_LITERAL_CONVERSION = YES;
				CLANG_WARN_OBJC_ROOT_CLASS = YES_ERROR;
				CLANG_WARN_RANGE_LOOP_ANALYSIS = YES;
				CLANG_WARN_STRICT_PROTOTYPES = YES;
				CLANG_WARN_SUSPICIOUS_MOVE = YES;
				CLANG_WARN_UNGUARDED_AVAILABILITY = YES_AGGRESSIVE;
				CLANG_WARN_UNREACHABLE_CODE = YES;
				CLANG_WARN__DUPLICATE_METHOD_MATCH = YES;
				CODE_SIGN_IDENTITY = "iPhone Developer";
				COPY_PHASE_STRIP = NO;
				DEBUG_INFORMATION_FORMAT = "dwarf-with-dsym";
				ENABLE_NS_ASSERTIONS = NO;
				ENABLE_STRICT_OBJC_MSGSEND = YES;
				GCC_C_LANGUAGE_STANDARD = gnu11;
				GCC_NO_COMMON_BLOCKS = YES;
				GCC_WARN_64_TO_32_BIT_CONVERSION = YES;
				GCC_WARN_ABOUT_RETURN_TYPE = YES_ERROR;
				GCC_WARN_UNDECLARED_SELECTOR = YES;
				GCC_WARN_UNINITIALIZED_AUTOS = YES_AGGRESSIVE;
				GCC_WARN_UNUSED_FUNCTION = YES;
				GCC_WARN_UNUSED_VARIABLE = YES;
				IPHONEOS_DEPLOYMENT_TARGET = 11.4;
				MTL_ENABLE_DEBUG_INFO = NO;
				SDKROOT = iphoneos;
				SWIFT_COMPILATION_MODE = wholemodule;
				SWIFT_OPTIMIZATION_LEVEL = "-O";
				VALIDATE_PRODUCT = YES;
			};
			name = Release;
		};
		E928FC2A21161F3300DDF1F8 /* Debug */ = {
			isa = XCBuildConfiguration;
			buildSettings = {
				ASSETCATALOG_COMPILER_APPICON_NAME = AppIcon;
				CODE_SIGN_STYLE = Automatic;
				DEVELOPMENT_TEAM = CZ689HK6M5;
				INFOPLIST_FILE = "Calculator ++/Info.plist";
				LD_RUNPATH_SEARCH_PATHS = (
					"$(inherited)",
					"@executable_path/Frameworks",
				);
				PRODUCT_BUNDLE_IDENTIFIER = "com.rubenkrueger.Calculator---";
				PRODUCT_NAME = "$(TARGET_NAME)";
				SWIFT_VERSION = 4.0;
				TARGETED_DEVICE_FAMILY = "1,2";
			};
			name = Debug;
		};
		E928FC2B21161F3300DDF1F8 /* Release */ = {
			isa = XCBuildConfiguration;
			buildSettings = {
				ASSETCATALOG_COMPILER_APPICON_NAME = AppIcon;
				CODE_SIGN_STYLE = Automatic;
				DEVELOPMENT_TEAM = CZ689HK6M5;
				INFOPLIST_FILE = "Calculator ++/Info.plist";
				LD_RUNPATH_SEARCH_PATHS = (
					"$(inherited)",
					"@executable_path/Frameworks",
				);
				PRODUCT_BUNDLE_IDENTIFIER = "com.rubenkrueger.Calculator---";
				PRODUCT_NAME = "$(TARGET_NAME)";
				SWIFT_VERSION = 4.0;
				TARGETED_DEVICE_FAMILY = "1,2";
			};
			name = Release;
		};
/* End XCBuildConfiguration section */

/* Begin XCConfigurationList section */
		E928FC1221161F2F00DDF1F8 /* Build configuration list for PBXProject "Calculator ++" */ = {
			isa = XCConfigurationList;
			buildConfigurations = (
				E928FC2721161F3300DDF1F8 /* Debug */,
				E928FC2821161F3300DDF1F8 /* Release */,
			);
			defaultConfigurationIsVisible = 0;
			defaultConfigurationName = Release;
		};
		E928FC2921161F3300DDF1F8 /* Build configuration list for PBXNativeTarget "Calculator ++" */ = {
			isa = XCConfigurationList;
			buildConfigurations = (
				E928FC2A21161F3300DDF1F8 /* Debug */,
				E928FC2B21161F3300DDF1F8 /* Release */,
			);
			defaultConfigurationIsVisible = 0;
			defaultConfigurationName = Release;
		};
/* End XCConfigurationList section */
	};
	rootObject = E928FC0F21161F2F00DDF1F8 /* Project object */;
}
